// !$*UTF8*$!
{
	archiveVersion = 1;
	classes = {
	};
	objectVersion = 46;
	objects = {

/* Begin PBXBuildFile section */
		B82AC5C7154411B500208887 /* Lattice.m in Sources */ = {isa = PBXBuildFile; fileRef = B82AC5C6154411B500208887 /* Lattice.m */; };
		B84014ED1540D0CD0075734A /* QuartzCore.framework in Frameworks */ = {isa = PBXBuildFile; fileRef = B84014EB1540D0880075734A /* QuartzCore.framework */; };
		B84014F41540E57D0075734A /* UIImage+CWAdditions.m in Sources */ = {isa = PBXBuildFile; fileRef = B84014F31540E57D0075734A /* UIImage+CWAdditions.m */; };
		B85381101548D91B00F3BFA5 /* AVFoundation.framework in Frameworks */ = {isa = PBXBuildFile; fileRef = B853810F1548D91B00F3BFA5 /* AVFoundation.framework */; };
		B87C5CC615400B2A00AF69BC /* UIKit.framework in Frameworks */ = {isa = PBXBuildFile; fileRef = B87C5CC515400B2A00AF69BC /* UIKit.framework */; };
		B87C5CC815400B2A00AF69BC /* Foundation.framework in Frameworks */ = {isa = PBXBuildFile; fileRef = B87C5CC715400B2A00AF69BC /* Foundation.framework */; };
		B87C5CCA15400B2A00AF69BC /* CoreGraphics.framework in Frameworks */ = {isa = PBXBuildFile; fileRef = B87C5CC915400B2A00AF69BC /* CoreGraphics.framework */; };
		B87C5CCC15400B2A00AF69BC /* CoreData.framework in Frameworks */ = {isa = PBXBuildFile; fileRef = B87C5CCB15400B2A00AF69BC /* CoreData.framework */; };
		B87C5CD215400B2A00AF69BC /* InfoPlist.strings in Resources */ = {isa = PBXBuildFile; fileRef = B87C5CD015400B2A00AF69BC /* InfoPlist.strings */; };
		B87C5CD415400B2A00AF69BC /* main.m in Sources */ = {isa = PBXBuildFile; fileRef = B87C5CD315400B2A00AF69BC /* main.m */; };
		B87C5CD815400B2A00AF69BC /* AppDelegate.m in Sources */ = {isa = PBXBuildFile; fileRef = B87C5CD715400B2A00AF69BC /* AppDelegate.m */; };
		B87C5CDB15400B2A00AF69BC /* Puzzle.xcdatamodeld in Sources */ = {isa = PBXBuildFile; fileRef = B87C5CD915400B2A00AF69BC /* Puzzle.xcdatamodeld */; };
		B87C5CEC154014EE00AF69BC /* PieceView.m in Sources */ = {isa = PBXBuildFile; fileRef = B87C5CEB154014EE00AF69BC /* PieceView.m */; };
		B87C5CF11540174400AF69BC /* PuzzleController.m in Sources */ = {isa = PBXBuildFile; fileRef = B87C5CEF1540174400AF69BC /* PuzzleController.m */; };
		B87C5CF21540174400AF69BC /* PuzzleController.xib in Resources */ = {isa = PBXBuildFile; fileRef = B87C5CF01540174400AF69BC /* PuzzleController.xib */; };
		B883613E15529D0A00330531 /* CreatePuzzleOperation.m in Sources */ = {isa = PBXBuildFile; fileRef = B883613D15529D0A00330531 /* CreatePuzzleOperation.m */; };
		B8AA19BA154B502900750458 /* icon-144.png in Resources */ = {isa = PBXBuildFile; fileRef = B8AA19B2154B502900750458 /* icon-144.png */; };
		B8AA19BB154B502900750458 /* icon-512.png in Resources */ = {isa = PBXBuildFile; fileRef = B8AA19B3154B502900750458 /* icon-512.png */; };
		B8AA19BC154B502900750458 /* icon-72.png in Resources */ = {isa = PBXBuildFile; fileRef = B8AA19B4154B502900750458 /* icon-72.png */; };
		B8AA19BD154B502900750458 /* Icon-Small-50.png in Resources */ = {isa = PBXBuildFile; fileRef = B8AA19B5154B502900750458 /* Icon-Small-50.png */; };
		B8AA19BE154B502900750458 /* Icon-Small.png in Resources */ = {isa = PBXBuildFile; fileRef = B8AA19B6154B502900750458 /* Icon-Small.png */; };
		B8AA19BF154B502900750458 /* Icon-Small@2x.png in Resources */ = {isa = PBXBuildFile; fileRef = B8AA19B7154B502900750458 /* Icon-Small@2x.png */; };
		B8AA19C0154B502900750458 /* icon.png in Resources */ = {isa = PBXBuildFile; fileRef = B8AA19B8154B502900750458 /* icon.png */; };
		B8AA19C1154B502900750458 /* icon@2x.png in Resources */ = {isa = PBXBuildFile; fileRef = B8AA19B9154B502900750458 /* icon@2x.png */; };
		B8AA19CE154B565400750458 /* NewGameController.m in Sources */ = {isa = PBXBuildFile; fileRef = B8AA19CC154B565400750458 /* NewGameController.m */; };
		B8AA19CF154B565400750458 /* NewGameController.xib in Resources */ = {isa = PBXBuildFile; fileRef = B8AA19CD154B565400750458 /* NewGameController.xib */; };
		B8AE120015598EAD00742256 /* PiecePositioned.mp3 in Resources */ = {isa = PBXBuildFile; fileRef = B8AE11FE15598EAD00742256 /* PiecePositioned.mp3 */; };
		B8AE120115598EAD00742256 /* PiecePositioned.mp3 in Resources */ = {isa = PBXBuildFile; fileRef = B8AE11FE15598EAD00742256 /* PiecePositioned.mp3 */; };
		B8AE120215598EAD00742256 /* PuzzleCompleted.mp3 in Resources */ = {isa = PBXBuildFile; fileRef = B8AE11FF15598EAD00742256 /* PuzzleCompleted.mp3 */; };
		B8AE120315598EAD00742256 /* PuzzleCompleted.mp3 in Resources */ = {isa = PBXBuildFile; fileRef = B8AE11FF15598EAD00742256 /* PuzzleCompleted.mp3 */; };
		B8BA98921552FF6C00F7225B /* Puzzle.m in Sources */ = {isa = PBXBuildFile; fileRef = B8BA98911552FF6C00F7225B /* Puzzle.m */; };
		B8BA98931552FF6C00F7225B /* Puzzle.m in Sources */ = {isa = PBXBuildFile; fileRef = B8BA98911552FF6C00F7225B /* Puzzle.m */; };
		B8BA98961552FF6E00F7225B /* Image.m in Sources */ = {isa = PBXBuildFile; fileRef = B8BA98951552FF6E00F7225B /* Image.m */; };
		B8BA98971552FF6E00F7225B /* Image.m in Sources */ = {isa = PBXBuildFile; fileRef = B8BA98951552FF6E00F7225B /* Image.m */; };
		B8BA989A1552FF6F00F7225B /* Piece.m in Sources */ = {isa = PBXBuildFile; fileRef = B8BA98991552FF6F00F7225B /* Piece.m */; };
		B8BA989B1552FF6F00F7225B /* Piece.m in Sources */ = {isa = PBXBuildFile; fileRef = B8BA98991552FF6F00F7225B /* Piece.m */; };
		B8BA98A115542BEE00F7225B /* CreatePuzzleOperation.m in Sources */ = {isa = PBXBuildFile; fileRef = B883613D15529D0A00330531 /* CreatePuzzleOperation.m */; };
		B8BA98A415551BCD00F7225B /* GroupView.m in Sources */ = {isa = PBXBuildFile; fileRef = B8BA98A315551BCD00F7225B /* GroupView.m */; };
		B8BA98A515551BCD00F7225B /* GroupView.m in Sources */ = {isa = PBXBuildFile; fileRef = B8BA98A315551BCD00F7225B /* GroupView.m */; };
		B8DFA69815497ED300256385 /* Default-Landscape@2x~ipad.png in Resources */ = {isa = PBXBuildFile; fileRef = B8DFA69215497ED300256385 /* Default-Landscape@2x~ipad.png */; };
		B8DFA69915497ED300256385 /* Default-Landscape~ipad.png in Resources */ = {isa = PBXBuildFile; fileRef = B8DFA69315497ED300256385 /* Default-Landscape~ipad.png */; };
		B8DFA69A15497ED300256385 /* Default-Portrait@2x~ipad.png in Resources */ = {isa = PBXBuildFile; fileRef = B8DFA69415497ED300256385 /* Default-Portrait@2x~ipad.png */; };
		B8DFA69B15497ED300256385 /* Default-Portrait~ipad.png in Resources */ = {isa = PBXBuildFile; fileRef = B8DFA69515497ED300256385 /* Default-Portrait~ipad.png */; };
		B8DFA69C15497ED300256385 /* Default.png in Resources */ = {isa = PBXBuildFile; fileRef = B8DFA69615497ED300256385 /* Default.png */; };
		B8DFA69D15497ED300256385 /* Default@2x.png in Resources */ = {isa = PBXBuildFile; fileRef = B8DFA69715497ED300256385 /* Default@2x.png */; };
		B8E18159155000C200A8B450 /* MediaPlayer.framework in Frameworks */ = {isa = PBXBuildFile; fileRef = B8E18158155000C200A8B450 /* MediaPlayer.framework */; };
		B8E1815B15500D3700A8B450 /* Wood.jpg in Resources */ = {isa = PBXBuildFile; fileRef = B8E1815A15500D3700A8B450 /* Wood.jpg */; };
		B8E1815D15500E2900A8B450 /* Wood@2x.jpg in Resources */ = {isa = PBXBuildFile; fileRef = B8E1815C15500E2900A8B450 /* Wood@2x.jpg */; };
		B8E181621550402800A8B450 /* main.m in Sources */ = {isa = PBXBuildFile; fileRef = B87C5CD315400B2A00AF69BC /* main.m */; };
		B8E181631550402800A8B450 /* AppDelegate.m in Sources */ = {isa = PBXBuildFile; fileRef = B87C5CD715400B2A00AF69BC /* AppDelegate.m */; };
		B8E181641550402800A8B450 /* Puzzle.xcdatamodeld in Sources */ = {isa = PBXBuildFile; fileRef = B87C5CD915400B2A00AF69BC /* Puzzle.xcdatamodeld */; };
		B8E181661550402800A8B450 /* PieceView.m in Sources */ = {isa = PBXBuildFile; fileRef = B87C5CEB154014EE00AF69BC /* PieceView.m */; };
		B8E181671550402800A8B450 /* PuzzleController.m in Sources */ = {isa = PBXBuildFile; fileRef = B87C5CEF1540174400AF69BC /* PuzzleController.m */; };
		B8E181681550402800A8B450 /* UIImage+CWAdditions.m in Sources */ = {isa = PBXBuildFile; fileRef = B84014F31540E57D0075734A /* UIImage+CWAdditions.m */; };
		B8E181691550402800A8B450 /* Lattice.m in Sources */ = {isa = PBXBuildFile; fileRef = B82AC5C6154411B500208887 /* Lattice.m */; };
		B8E1816A1550402800A8B450 /* MenuController.m in Sources */ = {isa = PBXBuildFile; fileRef = B8E4AC7D154AA22300D0A75D /* MenuController.m */; };
		B8E1816B1550402800A8B450 /* NewGameController.m in Sources */ = {isa = PBXBuildFile; fileRef = B8AA19CC154B565400750458 /* NewGameController.m */; };
		B8E1816D1550402800A8B450 /* MediaPlayer.framework in Frameworks */ = {isa = PBXBuildFile; fileRef = B8E18158155000C200A8B450 /* MediaPlayer.framework */; };
		B8E1816E1550402800A8B450 /* AVFoundation.framework in Frameworks */ = {isa = PBXBuildFile; fileRef = B853810F1548D91B00F3BFA5 /* AVFoundation.framework */; };
		B8E1816F1550402800A8B450 /* QuartzCore.framework in Frameworks */ = {isa = PBXBuildFile; fileRef = B84014EB1540D0880075734A /* QuartzCore.framework */; };
		B8E181701550402800A8B450 /* UIKit.framework in Frameworks */ = {isa = PBXBuildFile; fileRef = B87C5CC515400B2A00AF69BC /* UIKit.framework */; };
		B8E181711550402800A8B450 /* Foundation.framework in Frameworks */ = {isa = PBXBuildFile; fileRef = B87C5CC715400B2A00AF69BC /* Foundation.framework */; };
		B8E181721550402800A8B450 /* CoreGraphics.framework in Frameworks */ = {isa = PBXBuildFile; fileRef = B87C5CC915400B2A00AF69BC /* CoreGraphics.framework */; };
		B8E181731550402800A8B450 /* CoreData.framework in Frameworks */ = {isa = PBXBuildFile; fileRef = B87C5CCB15400B2A00AF69BC /* CoreData.framework */; };
		B8E181751550402800A8B450 /* InfoPlist.strings in Resources */ = {isa = PBXBuildFile; fileRef = B87C5CD015400B2A00AF69BC /* InfoPlist.strings */; };
		B8E181761550402800A8B450 /* PuzzleController.xib in Resources */ = {isa = PBXBuildFile; fileRef = B87C5CF01540174400AF69BC /* PuzzleController.xib */; };
		B8E1817A1550402800A8B450 /* Default-Landscape@2x~ipad.png in Resources */ = {isa = PBXBuildFile; fileRef = B8DFA69215497ED300256385 /* Default-Landscape@2x~ipad.png */; };
		B8E1817B1550402800A8B450 /* Default-Landscape~ipad.png in Resources */ = {isa = PBXBuildFile; fileRef = B8DFA69315497ED300256385 /* Default-Landscape~ipad.png */; };
		B8E1817C1550402800A8B450 /* Default-Portrait@2x~ipad.png in Resources */ = {isa = PBXBuildFile; fileRef = B8DFA69415497ED300256385 /* Default-Portrait@2x~ipad.png */; };
		B8E1817D1550402800A8B450 /* Default-Portrait~ipad.png in Resources */ = {isa = PBXBuildFile; fileRef = B8DFA69515497ED300256385 /* Default-Portrait~ipad.png */; };
		B8E1817E1550402800A8B450 /* Default.png in Resources */ = {isa = PBXBuildFile; fileRef = B8DFA69615497ED300256385 /* Default.png */; };
		B8E1817F1550402800A8B450 /* Default@2x.png in Resources */ = {isa = PBXBuildFile; fileRef = B8DFA69715497ED300256385 /* Default@2x.png */; };
		B8E181801550402800A8B450 /* MenuController.xib in Resources */ = {isa = PBXBuildFile; fileRef = B8E4AC7E154AA22300D0A75D /* MenuController.xib */; };
		B8E181811550402800A8B450 /* icon-144.png in Resources */ = {isa = PBXBuildFile; fileRef = B8AA19B2154B502900750458 /* icon-144.png */; };
		B8E181821550402800A8B450 /* icon-512.png in Resources */ = {isa = PBXBuildFile; fileRef = B8AA19B3154B502900750458 /* icon-512.png */; };
		B8E181831550402800A8B450 /* icon-72.png in Resources */ = {isa = PBXBuildFile; fileRef = B8AA19B4154B502900750458 /* icon-72.png */; };
		B8E181841550402800A8B450 /* Icon-Small-50.png in Resources */ = {isa = PBXBuildFile; fileRef = B8AA19B5154B502900750458 /* Icon-Small-50.png */; };
		B8E181851550402800A8B450 /* Icon-Small.png in Resources */ = {isa = PBXBuildFile; fileRef = B8AA19B6154B502900750458 /* Icon-Small.png */; };
		B8E181861550402800A8B450 /* Icon-Small@2x.png in Resources */ = {isa = PBXBuildFile; fileRef = B8AA19B7154B502900750458 /* Icon-Small@2x.png */; };
		B8E181871550402800A8B450 /* icon.png in Resources */ = {isa = PBXBuildFile; fileRef = B8AA19B8154B502900750458 /* icon.png */; };
		B8E181881550402800A8B450 /* icon@2x.png in Resources */ = {isa = PBXBuildFile; fileRef = B8AA19B9154B502900750458 /* icon@2x.png */; };
		B8E181891550402800A8B450 /* NewGameController.xib in Resources */ = {isa = PBXBuildFile; fileRef = B8AA19CD154B565400750458 /* NewGameController.xib */; };
		B8E1818A1550402800A8B450 /* Wood.jpg in Resources */ = {isa = PBXBuildFile; fileRef = B8E1815A15500D3700A8B450 /* Wood.jpg */; };
		B8E1818B1550402800A8B450 /* Wood@2x.jpg in Resources */ = {isa = PBXBuildFile; fileRef = B8E1815C15500E2900A8B450 /* Wood@2x.jpg */; };
		B8E18193155040CE00A8B450 /* Puzzle iPhone-Info.plist in Resources */ = {isa = PBXBuildFile; fileRef = B8E18192155040CE00A8B450 /* Puzzle iPhone-Info.plist */; };
		B8E4AC7F154AA22300D0A75D /* MenuController.m in Sources */ = {isa = PBXBuildFile; fileRef = B8E4AC7D154AA22300D0A75D /* MenuController.m */; };
		B8E4AC80154AA22300D0A75D /* MenuController.xib in Resources */ = {isa = PBXBuildFile; fileRef = B8E4AC7E154AA22300D0A75D /* MenuController.xib */; };
/* End PBXBuildFile section */

/* Begin PBXFileReference section */
		B828CD271550A11400278D25 /* Puzzle 2.xcdatamodel */ = {isa = PBXFileReference; lastKnownFileType = wrapper.xcdatamodel; path = "Puzzle 2.xcdatamodel"; sourceTree = "<group>"; };
		B828CD2C1550B2BB00278D25 /* Puzzle 3.xcdatamodel */ = {isa = PBXFileReference; lastKnownFileType = wrapper.xcdatamodel; path = "Puzzle 3.xcdatamodel"; sourceTree = "<group>"; };
		B82AC5C5154411B500208887 /* Lattice.h */ = {isa = PBXFileReference; fileEncoding = 4; lastKnownFileType = sourcecode.c.h; name = Lattice.h; path = Classes/Lattice.h; sourceTree = "<group>"; };
		B82AC5C6154411B500208887 /* Lattice.m */ = {isa = PBXFileReference; fileEncoding = 4; lastKnownFileType = sourcecode.c.objc; name = Lattice.m; path = Classes/Lattice.m; sourceTree = "<group>"; };
		B84014EB1540D0880075734A /* QuartzCore.framework */ = {isa = PBXFileReference; lastKnownFileType = wrapper.framework; name = QuartzCore.framework; path = System/Library/Frameworks/QuartzCore.framework; sourceTree = SDKROOT; };
		B84014F21540E57D0075734A /* UIImage+CWAdditions.h */ = {isa = PBXFileReference; fileEncoding = 4; lastKnownFileType = sourcecode.c.h; name = "UIImage+CWAdditions.h"; path = "Classes/UIImage+CWAdditions.h"; sourceTree = "<group>"; };
		B84014F31540E57D0075734A /* UIImage+CWAdditions.m */ = {isa = PBXFileReference; fileEncoding = 4; lastKnownFileType = sourcecode.c.objc; name = "UIImage+CWAdditions.m"; path = "Classes/UIImage+CWAdditions.m"; sourceTree = "<group>"; };
		B853810F1548D91B00F3BFA5 /* AVFoundation.framework */ = {isa = PBXFileReference; lastKnownFileType = wrapper.framework; name = AVFoundation.framework; path = System/Library/Frameworks/AVFoundation.framework; sourceTree = SDKROOT; };
		B87C5CC115400B2A00AF69BC /* YourPuzzle.app */ = {isa = PBXFileReference; explicitFileType = wrapper.application; includeInIndex = 0; path = YourPuzzle.app; sourceTree = BUILT_PRODUCTS_DIR; };
		B87C5CC515400B2A00AF69BC /* UIKit.framework */ = {isa = PBXFileReference; lastKnownFileType = wrapper.framework; name = UIKit.framework; path = System/Library/Frameworks/UIKit.framework; sourceTree = SDKROOT; };
		B87C5CC715400B2A00AF69BC /* Foundation.framework */ = {isa = PBXFileReference; lastKnownFileType = wrapper.framework; name = Foundation.framework; path = System/Library/Frameworks/Foundation.framework; sourceTree = SDKROOT; };
		B87C5CC915400B2A00AF69BC /* CoreGraphics.framework */ = {isa = PBXFileReference; lastKnownFileType = wrapper.framework; name = CoreGraphics.framework; path = System/Library/Frameworks/CoreGraphics.framework; sourceTree = SDKROOT; };
		B87C5CCB15400B2A00AF69BC /* CoreData.framework */ = {isa = PBXFileReference; lastKnownFileType = wrapper.framework; name = CoreData.framework; path = System/Library/Frameworks/CoreData.framework; sourceTree = SDKROOT; };
		B87C5CCF15400B2A00AF69BC /* Puzzle-Info.plist */ = {isa = PBXFileReference; lastKnownFileType = text.plist.xml; path = "Puzzle-Info.plist"; sourceTree = "<group>"; };
		B87C5CD115400B2A00AF69BC /* en */ = {isa = PBXFileReference; lastKnownFileType = text.plist.strings; name = en; path = en.lproj/InfoPlist.strings; sourceTree = "<group>"; };
		B87C5CD315400B2A00AF69BC /* main.m */ = {isa = PBXFileReference; lastKnownFileType = sourcecode.c.objc; path = main.m; sourceTree = "<group>"; };
		B87C5CD515400B2A00AF69BC /* Puzzle-Prefix.pch */ = {isa = PBXFileReference; lastKnownFileType = sourcecode.c.h; path = "Puzzle-Prefix.pch"; sourceTree = "<group>"; };
		B87C5CD615400B2A00AF69BC /* AppDelegate.h */ = {isa = PBXFileReference; lastKnownFileType = sourcecode.c.h; path = AppDelegate.h; sourceTree = "<group>"; };
		B87C5CD715400B2A00AF69BC /* AppDelegate.m */ = {isa = PBXFileReference; lastKnownFileType = sourcecode.c.objc; path = AppDelegate.m; sourceTree = "<group>"; };
		B87C5CDA15400B2A00AF69BC /* Puzzle.xcdatamodel */ = {isa = PBXFileReference; lastKnownFileType = wrapper.xcdatamodel; path = Puzzle.xcdatamodel; sourceTree = "<group>"; };
		B87C5CEA154014EE00AF69BC /* PieceView.h */ = {isa = PBXFileReference; fileEncoding = 4; lastKnownFileType = sourcecode.c.h; path = PieceView.h; sourceTree = "<group>"; };
		B87C5CEB154014EE00AF69BC /* PieceView.m */ = {isa = PBXFileReference; fileEncoding = 4; lastKnownFileType = sourcecode.c.objc; path = PieceView.m; sourceTree = "<group>"; };
		B87C5CEE1540174400AF69BC /* PuzzleController.h */ = {isa = PBXFileReference; fileEncoding = 4; lastKnownFileType = sourcecode.c.h; name = PuzzleController.h; path = Controllers/PuzzleController.h; sourceTree = "<group>"; };
		B87C5CEF1540174400AF69BC /* PuzzleController.m */ = {isa = PBXFileReference; fileEncoding = 4; lastKnownFileType = sourcecode.c.objc; name = PuzzleController.m; path = Controllers/PuzzleController.m; sourceTree = "<group>"; };
		B87C5CF01540174400AF69BC /* PuzzleController.xib */ = {isa = PBXFileReference; fileEncoding = 4; lastKnownFileType = file.xib; name = PuzzleController.xib; path = Controllers/PuzzleController.xib; sourceTree = "<group>"; };
		B883613C15529D0900330531 /* CreatePuzzleOperation.h */ = {isa = PBXFileReference; fileEncoding = 4; lastKnownFileType = sourcecode.c.h; path = CreatePuzzleOperation.h; sourceTree = "<group>"; };
		B883613D15529D0A00330531 /* CreatePuzzleOperation.m */ = {isa = PBXFileReference; fileEncoding = 4; lastKnownFileType = sourcecode.c.objc; path = CreatePuzzleOperation.m; sourceTree = "<group>"; };
		B884141D15518E7700C96516 /* Puzzle 4.xcdatamodel */ = {isa = PBXFileReference; lastKnownFileType = wrapper.xcdatamodel; path = "Puzzle 4.xcdatamodel"; sourceTree = "<group>"; };
		B8AA19B2154B502900750458 /* icon-144.png */ = {isa = PBXFileReference; lastKnownFileType = image.png; path = "icon-144.png"; sourceTree = "<group>"; };
		B8AA19B3154B502900750458 /* icon-512.png */ = {isa = PBXFileReference; lastKnownFileType = image.png; path = "icon-512.png"; sourceTree = "<group>"; };
		B8AA19B4154B502900750458 /* icon-72.png */ = {isa = PBXFileReference; lastKnownFileType = image.png; path = "icon-72.png"; sourceTree = "<group>"; };
		B8AA19B5154B502900750458 /* Icon-Small-50.png */ = {isa = PBXFileReference; lastKnownFileType = image.png; path = "Icon-Small-50.png"; sourceTree = "<group>"; };
		B8AA19B6154B502900750458 /* Icon-Small.png */ = {isa = PBXFileReference; lastKnownFileType = image.png; path = "Icon-Small.png"; sourceTree = "<group>"; };
		B8AA19B7154B502900750458 /* Icon-Small@2x.png */ = {isa = PBXFileReference; lastKnownFileType = image.png; path = "Icon-Small@2x.png"; sourceTree = "<group>"; };
		B8AA19B8154B502900750458 /* icon.png */ = {isa = PBXFileReference; lastKnownFileType = image.png; path = icon.png; sourceTree = "<group>"; };
		B8AA19B9154B502900750458 /* icon@2x.png */ = {isa = PBXFileReference; lastKnownFileType = image.png; path = "icon@2x.png"; sourceTree = "<group>"; };
		B8AA19CB154B565400750458 /* NewGameController.h */ = {isa = PBXFileReference; fileEncoding = 4; lastKnownFileType = sourcecode.c.h; name = NewGameController.h; path = Controllers/NewGameController.h; sourceTree = "<group>"; };
		B8AA19CC154B565400750458 /* NewGameController.m */ = {isa = PBXFileReference; fileEncoding = 4; lastKnownFileType = sourcecode.c.objc; name = NewGameController.m; path = Controllers/NewGameController.m; sourceTree = "<group>"; };
		B8AA19CD154B565400750458 /* NewGameController.xib */ = {isa = PBXFileReference; fileEncoding = 4; lastKnownFileType = file.xib; name = NewGameController.xib; path = Controllers/NewGameController.xib; sourceTree = "<group>"; };
		B8AE11FE15598EAD00742256 /* PiecePositioned.mp3 */ = {isa = PBXFileReference; lastKnownFileType = audio.mp3; path = PiecePositioned.mp3; sourceTree = "<group>"; };
		B8AE11FF15598EAD00742256 /* PuzzleCompleted.mp3 */ = {isa = PBXFileReference; lastKnownFileType = audio.mp3; path = PuzzleCompleted.mp3; sourceTree = "<group>"; };
		B8BA988F1552FEDF00F7225B /* Puzzle 5.xcdatamodel */ = {isa = PBXFileReference; lastKnownFileType = wrapper.xcdatamodel; path = "Puzzle 5.xcdatamodel"; sourceTree = "<group>"; };
		B8BA98901552FF6C00F7225B /* Puzzle.h */ = {isa = PBXFileReference; fileEncoding = 4; lastKnownFileType = sourcecode.c.h; path = Puzzle.h; sourceTree = "<group>"; };
		B8BA98911552FF6C00F7225B /* Puzzle.m */ = {isa = PBXFileReference; fileEncoding = 4; lastKnownFileType = sourcecode.c.objc; path = Puzzle.m; sourceTree = "<group>"; };
		B8BA98941552FF6D00F7225B /* Image.h */ = {isa = PBXFileReference; fileEncoding = 4; lastKnownFileType = sourcecode.c.h; path = Image.h; sourceTree = "<group>"; };
		B8BA98951552FF6E00F7225B /* Image.m */ = {isa = PBXFileReference; fileEncoding = 4; lastKnownFileType = sourcecode.c.objc; path = Image.m; sourceTree = "<group>"; };
		B8BA98981552FF6E00F7225B /* Piece.h */ = {isa = PBXFileReference; fileEncoding = 4; lastKnownFileType = sourcecode.c.h; path = Piece.h; sourceTree = "<group>"; };
		B8BA98991552FF6F00F7225B /* Piece.m */ = {isa = PBXFileReference; fileEncoding = 4; lastKnownFileType = sourcecode.c.objc; path = Piece.m; sourceTree = "<group>"; };
		B8BA98A215551BCD00F7225B /* GroupView.h */ = {isa = PBXFileReference; fileEncoding = 4; lastKnownFileType = sourcecode.c.h; path = GroupView.h; sourceTree = "<group>"; };
		B8BA98A315551BCD00F7225B /* GroupView.m */ = {isa = PBXFileReference; fileEncoding = 4; lastKnownFileType = sourcecode.c.objc; path = GroupView.m; sourceTree = "<group>"; };
		B8DFA69215497ED300256385 /* Default-Landscape@2x~ipad.png */ = {isa = PBXFileReference; lastKnownFileType = image.png; path = "Default-Landscape@2x~ipad.png"; sourceTree = "<group>"; };
		B8DFA69315497ED300256385 /* Default-Landscape~ipad.png */ = {isa = PBXFileReference; lastKnownFileType = image.png; path = "Default-Landscape~ipad.png"; sourceTree = "<group>"; };
		B8DFA69415497ED300256385 /* Default-Portrait@2x~ipad.png */ = {isa = PBXFileReference; lastKnownFileType = image.png; path = "Default-Portrait@2x~ipad.png"; sourceTree = "<group>"; };
		B8DFA69515497ED300256385 /* Default-Portrait~ipad.png */ = {isa = PBXFileReference; lastKnownFileType = image.png; path = "Default-Portrait~ipad.png"; sourceTree = "<group>"; };
		B8DFA69615497ED300256385 /* Default.png */ = {isa = PBXFileReference; lastKnownFileType = image.png; path = Default.png; sourceTree = "<group>"; };
		B8DFA69715497ED300256385 /* Default@2x.png */ = {isa = PBXFileReference; lastKnownFileType = image.png; path = "Default@2x.png"; sourceTree = "<group>"; };
		B8E18158155000C200A8B450 /* MediaPlayer.framework */ = {isa = PBXFileReference; lastKnownFileType = wrapper.framework; name = MediaPlayer.framework; path = System/Library/Frameworks/MediaPlayer.framework; sourceTree = SDKROOT; };
		B8E1815A15500D3700A8B450 /* Wood.jpg */ = {isa = PBXFileReference; lastKnownFileType = image.jpeg; name = Wood.jpg; path = ../Wood.jpg; sourceTree = "<group>"; };
		B8E1815C15500E2900A8B450 /* Wood@2x.jpg */ = {isa = PBXFileReference; lastKnownFileType = image.jpeg; name = "Wood@2x.jpg"; path = "../Wood@2x.jpg"; sourceTree = "<group>"; };
		B8E1818F1550402800A8B450 /* YourPuzzle iPhone.app */ = {isa = PBXFileReference; explicitFileType = wrapper.application; includeInIndex = 0; path = "YourPuzzle iPhone.app"; sourceTree = BUILT_PRODUCTS_DIR; };
		B8E18192155040CE00A8B450 /* Puzzle iPhone-Info.plist */ = {isa = PBXFileReference; fileEncoding = 4; lastKnownFileType = text.plist.xml; path = "Puzzle iPhone-Info.plist"; sourceTree = "<group>"; };
		B8E4AC7C154AA22300D0A75D /* MenuController.h */ = {isa = PBXFileReference; fileEncoding = 4; lastKnownFileType = sourcecode.c.h; name = MenuController.h; path = Controllers/MenuController.h; sourceTree = "<group>"; };
		B8E4AC7D154AA22300D0A75D /* MenuController.m */ = {isa = PBXFileReference; fileEncoding = 4; lastKnownFileType = sourcecode.c.objc; name = MenuController.m; path = Controllers/MenuController.m; sourceTree = "<group>"; };
		B8E4AC7E154AA22300D0A75D /* MenuController.xib */ = {isa = PBXFileReference; fileEncoding = 4; lastKnownFileType = file.xib; name = MenuController.xib; path = Controllers/MenuController.xib; sourceTree = "<group>"; };
/* End PBXFileReference section */

/* Begin PBXFrameworksBuildPhase section */
		B87C5CBE15400B2A00AF69BC /* Frameworks */ = {
			isa = PBXFrameworksBuildPhase;
			buildActionMask = 2147483647;
			files = (
				B8E18159155000C200A8B450 /* MediaPlayer.framework in Frameworks */,
				B85381101548D91B00F3BFA5 /* AVFoundation.framework in Frameworks */,
				B84014ED1540D0CD0075734A /* QuartzCore.framework in Frameworks */,
				B87C5CC615400B2A00AF69BC /* UIKit.framework in Frameworks */,
				B87C5CC815400B2A00AF69BC /* Foundation.framework in Frameworks */,
				B87C5CCA15400B2A00AF69BC /* CoreGraphics.framework in Frameworks */,
				B87C5CCC15400B2A00AF69BC /* CoreData.framework in Frameworks */,
			);
			runOnlyForDeploymentPostprocessing = 0;
		};
		B8E1816C1550402800A8B450 /* Frameworks */ = {
			isa = PBXFrameworksBuildPhase;
			buildActionMask = 2147483647;
			files = (
				B8E1816D1550402800A8B450 /* MediaPlayer.framework in Frameworks */,
				B8E1816E1550402800A8B450 /* AVFoundation.framework in Frameworks */,
				B8E1816F1550402800A8B450 /* QuartzCore.framework in Frameworks */,
				B8E181701550402800A8B450 /* UIKit.framework in Frameworks */,
				B8E181711550402800A8B450 /* Foundation.framework in Frameworks */,
				B8E181721550402800A8B450 /* CoreGraphics.framework in Frameworks */,
				B8E181731550402800A8B450 /* CoreData.framework in Frameworks */,
			);
			runOnlyForDeploymentPostprocessing = 0;
		};
/* End PBXFrameworksBuildPhase section */

/* Begin PBXGroup section */
		B87C5CB615400B2A00AF69BC = {
			isa = PBXGroup;
			children = (
				B87C5CCD15400B2A00AF69BC /* Puzzle */,
				B87C5CC415400B2A00AF69BC /* Frameworks */,
				B87C5CC215400B2A00AF69BC /* Products */,
				B8E18192155040CE00A8B450 /* Puzzle iPhone-Info.plist */,
			);
			sourceTree = "<group>";
		};
		B87C5CC215400B2A00AF69BC /* Products */ = {
			isa = PBXGroup;
			children = (
				B87C5CC115400B2A00AF69BC /* YourPuzzle.app */,
				B8E1818F1550402800A8B450 /* YourPuzzle iPhone.app */,
			);
			name = Products;
			sourceTree = "<group>";
		};
		B87C5CC415400B2A00AF69BC /* Frameworks */ = {
			isa = PBXGroup;
			children = (
				B8E18158155000C200A8B450 /* MediaPlayer.framework */,
				B853810F1548D91B00F3BFA5 /* AVFoundation.framework */,
				B84014EB1540D0880075734A /* QuartzCore.framework */,
				B87C5CC515400B2A00AF69BC /* UIKit.framework */,
				B87C5CC715400B2A00AF69BC /* Foundation.framework */,
				B87C5CC915400B2A00AF69BC /* CoreGraphics.framework */,
				B87C5CCB15400B2A00AF69BC /* CoreData.framework */,
			);
			name = Frameworks;
			sourceTree = "<group>";
		};
		B87C5CCD15400B2A00AF69BC /* Puzzle */ = {
			isa = PBXGroup;
			children = (
				B87C5CF31540174900AF69BC /* Controllers */,
				B87C5CED1540170E00AF69BC /* Views */,
				B87C5CE9154014C300AF69BC /* Classes */,
				B8E1815F15503B0900A8B450 /* Audio */,
				B8E1815E15503AF800A8B450 /* Images */,
				B8AA19B1154B502900750458 /* Icon */,
				B8DFA69115497ED300256385 /* Default */,
				B8BA98901552FF6C00F7225B /* Puzzle.h */,
				B8BA98981552FF6E00F7225B /* Piece.h */,
				B8BA98991552FF6F00F7225B /* Piece.m */,
				B8BA98941552FF6D00F7225B /* Image.h */,
				B8BA98951552FF6E00F7225B /* Image.m */,
				B8BA98911552FF6C00F7225B /* Puzzle.m */,
				B87C5CD915400B2A00AF69BC /* Puzzle.xcdatamodeld */,
				B87C5CCE15400B2A00AF69BC /* Supporting Files */,
			);
			path = Puzzle;
			sourceTree = "<group>";
		};
		B87C5CCE15400B2A00AF69BC /* Supporting Files */ = {
			isa = PBXGroup;
			children = (
				B87C5CCF15400B2A00AF69BC /* Puzzle-Info.plist */,
				B87C5CD015400B2A00AF69BC /* InfoPlist.strings */,
				B87C5CD315400B2A00AF69BC /* main.m */,
				B87C5CD515400B2A00AF69BC /* Puzzle-Prefix.pch */,
			);
			name = "Supporting Files";
			sourceTree = "<group>";
		};
		B87C5CE9154014C300AF69BC /* Classes */ = {
			isa = PBXGroup;
			children = (
				B87C5CD615400B2A00AF69BC /* AppDelegate.h */,
				B87C5CD715400B2A00AF69BC /* AppDelegate.m */,
				B883613C15529D0900330531 /* CreatePuzzleOperation.h */,
				B883613D15529D0A00330531 /* CreatePuzzleOperation.m */,
				B84014F21540E57D0075734A /* UIImage+CWAdditions.h */,
				B84014F31540E57D0075734A /* UIImage+CWAdditions.m */,
				B82AC5C5154411B500208887 /* Lattice.h */,
				B82AC5C6154411B500208887 /* Lattice.m */,
			);
			name = Classes;
			sourceTree = "<group>";
		};
		B87C5CED1540170E00AF69BC /* Views */ = {
			isa = PBXGroup;
			children = (
				B87C5CEA154014EE00AF69BC /* PieceView.h */,
				B87C5CEB154014EE00AF69BC /* PieceView.m */,
				B8BA98A215551BCD00F7225B /* GroupView.h */,
				B8BA98A315551BCD00F7225B /* GroupView.m */,
			);
			name = Views;
			sourceTree = "<group>";
		};
		B87C5CF31540174900AF69BC /* Controllers */ = {
			isa = PBXGroup;
			children = (
				B87C5CEE1540174400AF69BC /* PuzzleController.h */,
				B87C5CEF1540174400AF69BC /* PuzzleController.m */,
				B87C5CF01540174400AF69BC /* PuzzleController.xib */,
				B8E4AC7C154AA22300D0A75D /* MenuController.h */,
				B8E4AC7D154AA22300D0A75D /* MenuController.m */,
				B8E4AC7E154AA22300D0A75D /* MenuController.xib */,
				B8AA19CB154B565400750458 /* NewGameController.h */,
				B8AA19CC154B565400750458 /* NewGameController.m */,
				B8AA19CD154B565400750458 /* NewGameController.xib */,
			);
			name = Controllers;
			sourceTree = "<group>";
		};
		B8AA19B1154B502900750458 /* Icon */ = {
			isa = PBXGroup;
			children = (
				B8AA19B2154B502900750458 /* icon-144.png */,
				B8AA19B3154B502900750458 /* icon-512.png */,
				B8AA19B4154B502900750458 /* icon-72.png */,
				B8AA19B5154B502900750458 /* Icon-Small-50.png */,
				B8AA19B6154B502900750458 /* Icon-Small.png */,
				B8AA19B7154B502900750458 /* Icon-Small@2x.png */,
				B8AA19B8154B502900750458 /* icon.png */,
				B8AA19B9154B502900750458 /* icon@2x.png */,
			);
			path = Icon;
			sourceTree = "<group>";
		};
		B8DFA69115497ED300256385 /* Default */ = {
			isa = PBXGroup;
			children = (
				B8DFA69215497ED300256385 /* Default-Landscape@2x~ipad.png */,
				B8DFA69315497ED300256385 /* Default-Landscape~ipad.png */,
				B8DFA69415497ED300256385 /* Default-Portrait@2x~ipad.png */,
				B8DFA69515497ED300256385 /* Default-Portrait~ipad.png */,
				B8DFA69615497ED300256385 /* Default.png */,
				B8DFA69715497ED300256385 /* Default@2x.png */,
			);
			path = Default;
			sourceTree = "<group>";
		};
		B8E1815E15503AF800A8B450 /* Images */ = {
			isa = PBXGroup;
			children = (
				B8E1815A15500D3700A8B450 /* Wood.jpg */,
				B8E1815C15500E2900A8B450 /* Wood@2x.jpg */,
			);
			name = Images;
			sourceTree = "<group>";
		};
		B8E1815F15503B0900A8B450 /* Audio */ = {
			isa = PBXGroup;
			children = (
				B8AE11FE15598EAD00742256 /* PiecePositioned.mp3 */,
				B8AE11FF15598EAD00742256 /* PuzzleCompleted.mp3 */,
			);
			name = Audio;
			sourceTree = "<group>";
		};
/* End PBXGroup section */

/* Begin PBXNativeTarget section */
		B87C5CC015400B2A00AF69BC /* Puzzle */ = {
			isa = PBXNativeTarget;
			buildConfigurationList = B87C5CDE15400B2A00AF69BC /* Build configuration list for PBXNativeTarget "Puzzle" */;
			buildPhases = (
				B87C5CBD15400B2A00AF69BC /* Sources */,
				B87C5CBE15400B2A00AF69BC /* Frameworks */,
				B87C5CBF15400B2A00AF69BC /* Resources */,
			);
			buildRules = (
			);
			dependencies = (
			);
			name = Puzzle;
			productName = Puzzle;
			productReference = B87C5CC115400B2A00AF69BC /* YourPuzzle.app */;
			productType = "com.apple.product-type.application";
		};
		B8E181601550402800A8B450 /* Puzzle iPhone */ = {
			isa = PBXNativeTarget;
			buildConfigurationList = B8E1818C1550402800A8B450 /* Build configuration list for PBXNativeTarget "Puzzle iPhone" */;
			buildPhases = (
				B8E181611550402800A8B450 /* Sources */,
				B8E1816C1550402800A8B450 /* Frameworks */,
				B8E181741550402800A8B450 /* Resources */,
			);
			buildRules = (
			);
			dependencies = (
			);
			name = "Puzzle iPhone";
			productName = Puzzle;
			productReference = B8E1818F1550402800A8B450 /* YourPuzzle iPhone.app */;
			productType = "com.apple.product-type.application";
		};
/* End PBXNativeTarget section */

/* Begin PBXProject section */
		B87C5CB815400B2A00AF69BC /* Project object */ = {
			isa = PBXProject;
			attributes = {
				LastUpgradeCheck = 0430;
				ORGANIZATIONNAME = "Università degli studi di Padova";
			};
			buildConfigurationList = B87C5CBB15400B2A00AF69BC /* Build configuration list for PBXProject "Puzzle" */;
			compatibilityVersion = "Xcode 3.2";
			developmentRegion = English;
			hasScannedForEncodings = 0;
			knownRegions = (
				en,
			);
			mainGroup = B87C5CB615400B2A00AF69BC;
			productRefGroup = B87C5CC215400B2A00AF69BC /* Products */;
			projectDirPath = "";
			projectRoot = "";
			targets = (
				B87C5CC015400B2A00AF69BC /* Puzzle */,
				B8E181601550402800A8B450 /* Puzzle iPhone */,
			);
		};
/* End PBXProject section */

/* Begin PBXResourcesBuildPhase section */
		B87C5CBF15400B2A00AF69BC /* Resources */ = {
			isa = PBXResourcesBuildPhase;
			buildActionMask = 2147483647;
			files = (
				B87C5CD215400B2A00AF69BC /* InfoPlist.strings in Resources */,
				B87C5CF21540174400AF69BC /* PuzzleController.xib in Resources */,
				B8DFA69815497ED300256385 /* Default-Landscape@2x~ipad.png in Resources */,
				B8DFA69915497ED300256385 /* Default-Landscape~ipad.png in Resources */,
				B8DFA69A15497ED300256385 /* Default-Portrait@2x~ipad.png in Resources */,
				B8DFA69B15497ED300256385 /* Default-Portrait~ipad.png in Resources */,
				B8DFA69C15497ED300256385 /* Default.png in Resources */,
				B8DFA69D15497ED300256385 /* Default@2x.png in Resources */,
				B8E4AC80154AA22300D0A75D /* MenuController.xib in Resources */,
				B8AA19BA154B502900750458 /* icon-144.png in Resources */,
				B8AA19BB154B502900750458 /* icon-512.png in Resources */,
				B8AA19BC154B502900750458 /* icon-72.png in Resources */,
				B8AA19BD154B502900750458 /* Icon-Small-50.png in Resources */,
				B8AA19BE154B502900750458 /* Icon-Small.png in Resources */,
				B8AA19BF154B502900750458 /* Icon-Small@2x.png in Resources */,
				B8AA19C0154B502900750458 /* icon.png in Resources */,
				B8AA19C1154B502900750458 /* icon@2x.png in Resources */,
				B8AA19CF154B565400750458 /* NewGameController.xib in Resources */,
				B8E1815B15500D3700A8B450 /* Wood.jpg in Resources */,
				B8E1815D15500E2900A8B450 /* Wood@2x.jpg in Resources */,
				B8E18193155040CE00A8B450 /* Puzzle iPhone-Info.plist in Resources */,
				B8AE120015598EAD00742256 /* PiecePositioned.mp3 in Resources */,
				B8AE120215598EAD00742256 /* PuzzleCompleted.mp3 in Resources */,
			);
			runOnlyForDeploymentPostprocessing = 0;
		};
		B8E181741550402800A8B450 /* Resources */ = {
			isa = PBXResourcesBuildPhase;
			buildActionMask = 2147483647;
			files = (
				B8E181751550402800A8B450 /* InfoPlist.strings in Resources */,
				B8E181761550402800A8B450 /* PuzzleController.xib in Resources */,
				B8E1817A1550402800A8B450 /* Default-Landscape@2x~ipad.png in Resources */,
				B8E1817B1550402800A8B450 /* Default-Landscape~ipad.png in Resources */,
				B8E1817C1550402800A8B450 /* Default-Portrait@2x~ipad.png in Resources */,
				B8E1817D1550402800A8B450 /* Default-Portrait~ipad.png in Resources */,
				B8E1817E1550402800A8B450 /* Default.png in Resources */,
				B8E1817F1550402800A8B450 /* Default@2x.png in Resources */,
				B8E181801550402800A8B450 /* MenuController.xib in Resources */,
				B8E181811550402800A8B450 /* icon-144.png in Resources */,
				B8E181821550402800A8B450 /* icon-512.png in Resources */,
				B8E181831550402800A8B450 /* icon-72.png in Resources */,
				B8E181841550402800A8B450 /* Icon-Small-50.png in Resources */,
				B8E181851550402800A8B450 /* Icon-Small.png in Resources */,
				B8E181861550402800A8B450 /* Icon-Small@2x.png in Resources */,
				B8E181871550402800A8B450 /* icon.png in Resources */,
				B8E181881550402800A8B450 /* icon@2x.png in Resources */,
				B8E181891550402800A8B450 /* NewGameController.xib in Resources */,
				B8E1818A1550402800A8B450 /* Wood.jpg in Resources */,
				B8E1818B1550402800A8B450 /* Wood@2x.jpg in Resources */,
				B8AE120115598EAD00742256 /* PiecePositioned.mp3 in Resources */,
				B8AE120315598EAD00742256 /* PuzzleCompleted.mp3 in Resources */,
			);
			runOnlyForDeploymentPostprocessing = 0;
		};
/* End PBXResourcesBuildPhase section */

/* Begin PBXSourcesBuildPhase section */
		B87C5CBD15400B2A00AF69BC /* Sources */ = {
			isa = PBXSourcesBuildPhase;
			buildActionMask = 2147483647;
			files = (
				B87C5CD415400B2A00AF69BC /* main.m in Sources */,
				B87C5CD815400B2A00AF69BC /* AppDelegate.m in Sources */,
				B87C5CDB15400B2A00AF69BC /* Puzzle.xcdatamodeld in Sources */,
				B87C5CEC154014EE00AF69BC /* PieceView.m in Sources */,
				B87C5CF11540174400AF69BC /* PuzzleController.m in Sources */,
				B84014F41540E57D0075734A /* UIImage+CWAdditions.m in Sources */,
				B82AC5C7154411B500208887 /* Lattice.m in Sources */,
				B8E4AC7F154AA22300D0A75D /* MenuController.m in Sources */,
				B8AA19CE154B565400750458 /* NewGameController.m in Sources */,
				B883613E15529D0A00330531 /* CreatePuzzleOperation.m in Sources */,
				B8BA98921552FF6C00F7225B /* Puzzle.m in Sources */,
				B8BA98961552FF6E00F7225B /* Image.m in Sources */,
				B8BA989A1552FF6F00F7225B /* Piece.m in Sources */,
				B8BA98A415551BCD00F7225B /* GroupView.m in Sources */,
			);
			runOnlyForDeploymentPostprocessing = 0;
		};
		B8E181611550402800A8B450 /* Sources */ = {
			isa = PBXSourcesBuildPhase;
			buildActionMask = 2147483647;
			files = (
				B8E181621550402800A8B450 /* main.m in Sources */,
				B8E181631550402800A8B450 /* AppDelegate.m in Sources */,
				B8E181641550402800A8B450 /* Puzzle.xcdatamodeld in Sources */,
				B8E181661550402800A8B450 /* PieceView.m in Sources */,
				B8E181671550402800A8B450 /* PuzzleController.m in Sources */,
				B8E181681550402800A8B450 /* UIImage+CWAdditions.m in Sources */,
				B8E181691550402800A8B450 /* Lattice.m in Sources */,
				B8E1816A1550402800A8B450 /* MenuController.m in Sources */,
				B8E1816B1550402800A8B450 /* NewGameController.m in Sources */,
				B8BA98931552FF6C00F7225B /* Puzzle.m in Sources */,
				B8BA98971552FF6E00F7225B /* Image.m in Sources */,
				B8BA989B1552FF6F00F7225B /* Piece.m in Sources */,
				B8BA98A115542BEE00F7225B /* CreatePuzzleOperation.m in Sources */,
				B8BA98A515551BCD00F7225B /* GroupView.m in Sources */,
			);
			runOnlyForDeploymentPostprocessing = 0;
		};
/* End PBXSourcesBuildPhase section */

/* Begin PBXVariantGroup section */
		B87C5CD015400B2A00AF69BC /* InfoPlist.strings */ = {
			isa = PBXVariantGroup;
			children = (
				B87C5CD115400B2A00AF69BC /* en */,
			);
			name = InfoPlist.strings;
			sourceTree = "<group>";
		};
/* End PBXVariantGroup section */

/* Begin XCBuildConfiguration section */
		B87C5CDC15400B2A00AF69BC /* Debug */ = {
			isa = XCBuildConfiguration;
			buildSettings = {
				ALWAYS_SEARCH_USER_PATHS = NO;
				ARCHS = (
					armv6,
					armv7,
				);
				CLANG_ENABLE_OBJC_ARC = YES;
				"CODE_SIGN_IDENTITY[sdk=iphoneos*]" = "iPhone Developer";
				COPY_PHASE_STRIP = NO;
				GCC_C_LANGUAGE_STANDARD = gnu99;
				GCC_DYNAMIC_NO_PIC = NO;
				GCC_OPTIMIZATION_LEVEL = 0;
				GCC_PREPROCESSOR_DEFINITIONS = (
					"DEBUG=1",
					"$(inherited)",
				);
				GCC_SYMBOLS_PRIVATE_EXTERN = NO;
				GCC_VERSION = com.apple.compilers.llvm.clang.1_0;
				GCC_WARN_ABOUT_RETURN_TYPE = YES;
				GCC_WARN_UNINITIALIZED_AUTOS = YES;
				GCC_WARN_UNUSED_VARIABLE = YES;
				IPHONEOS_DEPLOYMENT_TARGET = 5.1;
				SDKROOT = iphoneos;
				TARGETED_DEVICE_FAMILY = 2;
			};
			name = Debug;
		};
		B87C5CDD15400B2A00AF69BC /* Release */ = {
			isa = XCBuildConfiguration;
			buildSettings = {
				ALWAYS_SEARCH_USER_PATHS = NO;
				ARCHS = (
					armv6,
					armv7,
				);
				CLANG_ENABLE_OBJC_ARC = YES;
				"CODE_SIGN_IDENTITY[sdk=iphoneos*]" = "iPhone Developer";
				COPY_PHASE_STRIP = YES;
				GCC_C_LANGUAGE_STANDARD = gnu99;
				GCC_VERSION = com.apple.compilers.llvm.clang.1_0;
				GCC_WARN_ABOUT_RETURN_TYPE = YES;
				GCC_WARN_UNINITIALIZED_AUTOS = YES;
				GCC_WARN_UNUSED_VARIABLE = YES;
				IPHONEOS_DEPLOYMENT_TARGET = 5.1;
				OTHER_CFLAGS = "-DNS_BLOCK_ASSERTIONS=1";
				SDKROOT = iphoneos;
				TARGETED_DEVICE_FAMILY = 2;
				VALIDATE_PRODUCT = YES;
			};
			name = Release;
		};
		B87C5CDF15400B2A00AF69BC /* Debug */ = {
			isa = XCBuildConfiguration;
			buildSettings = {
				GCC_PRECOMPILE_PREFIX_HEADER = YES;
				GCC_PREFIX_HEADER = "Puzzle/Puzzle-Prefix.pch";
				INFOPLIST_FILE = "Puzzle/Puzzle-Info.plist";
				IPHONEOS_DEPLOYMENT_TARGET = 4.3;
				PRODUCT_NAME = "Your$(TARGET_NAME)";
				TARGETED_DEVICE_FAMILY = "1,2";
				WRAPPER_EXTENSION = app;
			};
			name = Debug;
		};
		B87C5CE015400B2A00AF69BC /* Release */ = {
			isa = XCBuildConfiguration;
			buildSettings = {
				GCC_PRECOMPILE_PREFIX_HEADER = YES;
				GCC_PREFIX_HEADER = "Puzzle/Puzzle-Prefix.pch";
				INFOPLIST_FILE = "Puzzle/Puzzle-Info.plist";
				IPHONEOS_DEPLOYMENT_TARGET = 4.3;
				PRODUCT_NAME = "Your$(TARGET_NAME)";
				TARGETED_DEVICE_FAMILY = "1,2";
				WRAPPER_EXTENSION = app;
			};
			name = Release;
		};
		B8E1818D1550402800A8B450 /* Debug */ = {
			isa = XCBuildConfiguration;
			buildSettings = {
				GCC_PRECOMPILE_PREFIX_HEADER = YES;
				GCC_PREFIX_HEADER = "Puzzle/Puzzle-Prefix.pch";
				INFOPLIST_FILE = "Puzzle iPhone-Info.plist";
				IPHONEOS_DEPLOYMENT_TARGET = 4.3;
				PRODUCT_NAME = "YourPuzzle iPhone";
				TARGETED_DEVICE_FAMILY = 1;
				WRAPPER_EXTENSION = app;
			};
			name = Debug;
		};
		B8E1818E1550402800A8B450 /* Release */ = {
			isa = XCBuildConfiguration;
			buildSettings = {
				GCC_PRECOMPILE_PREFIX_HEADER = YES;
				GCC_PREFIX_HEADER = "Puzzle/Puzzle-Prefix.pch";
				INFOPLIST_FILE = "Puzzle iPhone-Info.plist";
				IPHONEOS_DEPLOYMENT_TARGET = 4.3;
				PRODUCT_NAME = "YourPuzzle iPhone";
				TARGETED_DEVICE_FAMILY = 1;
				WRAPPER_EXTENSION = app;
			};
			name = Release;
		};
/* End XCBuildConfiguration section */

/* Begin XCConfigurationList section */
		B87C5CBB15400B2A00AF69BC /* Build configuration list for PBXProject "Puzzle" */ = {
			isa = XCConfigurationList;
			buildConfigurations = (
				B87C5CDC15400B2A00AF69BC /* Debug */,
				B87C5CDD15400B2A00AF69BC /* Release */,
			);
			defaultConfigurationIsVisible = 0;
			defaultConfigurationName = Release;
		};
		B87C5CDE15400B2A00AF69BC /* Build configuration list for PBXNativeTarget "Puzzle" */ = {
			isa = XCConfigurationList;
			buildConfigurations = (
				B87C5CDF15400B2A00AF69BC /* Debug */,
				B87C5CE015400B2A00AF69BC /* Release */,
			);
			defaultConfigurationIsVisible = 0;
			defaultConfigurationName = Release;
		};
		B8E1818C1550402800A8B450 /* Build configuration list for PBXNativeTarget "Puzzle iPhone" */ = {
			isa = XCConfigurationList;
			buildConfigurations = (
				B8E1818D1550402800A8B450 /* Debug */,
				B8E1818E1550402800A8B450 /* Release */,
			);
			defaultConfigurationIsVisible = 0;
			defaultConfigurationName = Release;
		};
/* End XCConfigurationList section */

/* Begin XCVersionGroup section */
		B87C5CD915400B2A00AF69BC /* Puzzle.xcdatamodeld */ = {
			isa = XCVersionGroup;
			children = (
				B8BA988F1552FEDF00F7225B /* Puzzle 5.xcdatamodel */,
				B884141D15518E7700C96516 /* Puzzle 4.xcdatamodel */,
				B828CD2C1550B2BB00278D25 /* Puzzle 3.xcdatamodel */,
				B828CD271550A11400278D25 /* Puzzle 2.xcdatamodel */,
				B87C5CDA15400B2A00AF69BC /* Puzzle.xcdatamodel */,
			);
			currentVersion = B8BA988F1552FEDF00F7225B /* Puzzle 5.xcdatamodel */;
			path = Puzzle.xcdatamodeld;
			sourceTree = "<group>";
			versionGroupType = wrapper.xcdatamodel;
		};
/* End XCVersionGroup section */
	};
	rootObject = B87C5CB815400B2A00AF69BC /* Project object */;
}
